
Microsoft Visual Studio Solution File, Format Version 12.00
# Visual Studio Version 17
VisualStudioVersion = 17.10.34916.146
MinimumVisualStudioVersion = 10.0.40219.1
Project("{9A19103F-16F7-4668-BE54-9A1E7A4F7556}") = "ConsoleApp", "ConsoleApp\ConsoleApp.csproj", "{25A2C4BE-EC15-4A66-BECA-9E6E8EEDE43B}"
	ProjectSection(ProjectDependencies) = postProject
		{0DA2DDEE-9BC4-4E9E-A9B3-14CC66D0DFE4} = {0DA2DDEE-9BC4-4E9E-A9B3-14CC66D0DFE4}
	EndProjectSection
EndProject
Project("{9A19103F-16F7-4668-BE54-9A1E7A4F7556}") = "WpfApp", "WpfApp\WpfApp.csproj", "{A1094831-FE97-44FE-A2DC-F9D997EA35D4}"
EndProject
Project("{9A19103F-16F7-4668-BE54-9A1E7A4F7556}") = "TCPServerWpfApp", "TCPServerWpfApp\TCPServerWpfApp.csproj", "{0BC8EA45-3C22-448C-8B76-C6D383D2805F}"
EndProject
Project("{9A19103F-16F7-4668-BE54-9A1E7A4F7556}") = "TCPClientWpfApp", "TCPClientWpfApp\TCPClientWpfApp.csproj", "{3F1EC705-5A1F-4C32-82AE-7B1FF0925B38}"
EndProject
Project("{9A19103F-16F7-4668-BE54-9A1E7A4F7556}") = "WpfAppTemplate", "WpfAppDictionary\WpfAppTemplate.csproj", "{AE8357EE-09F4-44C2-891B-C8292623F2FC}"
EndProject
Project("{9A19103F-16F7-4668-BE54-9A1E7A4F7556}") = "ConsoleApp_LINQ", "ConsoleApp_LINQ\ConsoleApp_LINQ.csproj", "{89B30FF9-23A5-43C6-BACF-531E5D6930E6}"
EndProject
Project("{2150E333-8FDC-42A3-9474-1A3956D46DE8}") = "SQLite", "SQLite", "{9F9F8BDE-7A9F-448D-8E64-D675DF6FA2EF}"
EndProject
Project("{9A19103F-16F7-4668-BE54-9A1E7A4F7556}") = "ForSQLite", "ForSQLite\ForSQLite.csproj", "{D3EE8D1F-DF8F-401B-B7F7-88F557E26FEE}"
EndProject
Project("{9A19103F-16F7-4668-BE54-9A1E7A4F7556}") = "WpfAppForSQLite", "WpfAppForSQLite\WpfAppForSQLite.csproj", "{0E08722F-5916-4BB4-9500-CD53C7F43F4D}"
EndProject
Project("{9A19103F-16F7-4668-BE54-9A1E7A4F7556}") = "ConsoleAppTemp", "ConsoleAppTemp\ConsoleAppTemp.csproj", "{6E2342B9-9C23-4577-A723-A5A333ACC67B}"
EndProject
Project("{9A19103F-16F7-4668-BE54-9A1E7A4F7556}") = "ConsoleApp_DI", "ConsoleApp_DI\ConsoleApp_DI.csproj", "{990831AE-9B4D-46C3-9D7B-FF957C04508B}"
EndProject
Project("{9A19103F-16F7-4668-BE54-9A1E7A4F7556}") = "WpfAppSwitchWindow_ect", "WpfAppSwitchWindow_ect\WpfAppSwitchWindow_ect.csproj", "{D60EBC78-1349-4F84-88F7-25B2ECA5BE91}"
EndProject
Project("{9A19103F-16F7-4668-BE54-9A1E7A4F7556}") = "WpfAppMVVMTest", "WpfAppMVVMTest\WpfAppMVVMTest.csproj", "{FC47D744-7362-4775-806F-4AC4E32E7BAA}"
EndProject
Project("{9A19103F-16F7-4668-BE54-9A1E7A4F7556}") = "WpfControlLibrary", "WpfControlLibrary\WpfControlLibrary.csproj", "{0DA2DDEE-9BC4-4E9E-A9B3-14CC66D0DFE4}"
EndProject
Project("{9A19103F-16F7-4668-BE54-9A1E7A4F7556}") = "HostWPF", "HostWPF\HostWPF.csproj", "{8DCF7DCA-6183-478B-A94E-71D98C1F87F2}"
EndProject
Project("{9A19103F-16F7-4668-BE54-9A1E7A4F7556}") = "LanguagesLibrary", "LanguagesLibrary\LanguagesLibrary.csproj", "{2C24EA20-A189-425C-BA21-FF40FC4D3DCE}"
EndProject
Project("{FAE04EC0-301F-11D3-BF4B-00C04F79EFBC}") = "ConsoleAppThread_AsyncTask", "ConsoleAppThread_AsyncTask\ConsoleAppThread_AsyncTask.csproj", "{AF976B59-E75D-4584-9BF9-894E05E92D62}"
EndProject
Project("{FAE04EC0-301F-11D3-BF4B-00C04F79EFBC}") = "WpfApp_Navigation", "WpfApp_Navigation\WpfApp_Navigation.csproj", "{EADE7714-3385-4F24-BC17-3E3601DFA4D7}"
EndProject
Project("{FAE04EC0-301F-11D3-BF4B-00C04F79EFBC}") = "WpfAppBehavior_AP_DP", "WpfAppBehavior_AP_DP\WpfAppBehavior_AP_DP.csproj", "{52AB77DB-1369-49EA-97DE-8D586832A388}"
EndProject
Project("{2150E333-8FDC-42A3-9474-1A3956D46DE8}") = "Devices", "Devices", "{02EA681E-C7D8-13C7-8484-4AC65E1B71E8}"
EndProject
Project("{FAE04EC0-301F-11D3-BF4B-00C04F79EFBC}") = "DevicesUsing", "DevicesUsing\DevicesUsing.csproj", "{B29522BC-4A98-4F26-AA63-668DEFCFFEB8}"
EndProject
Project("{FAE04EC0-301F-11D3-BF4B-00C04F79EFBC}") = "DevicesFactory", "DevicesFactory\DevicesFactory.csproj", "{4B7D17E4-E9BD-477C-B399-FFCF8C3D1E81}"
EndProject
Global
	GlobalSection(SolutionConfigurationPlatforms) = preSolution
		Debug|Any CPU = Debug|Any CPU
		Release|Any CPU = Release|Any CPU
	EndGlobalSection
	GlobalSection(ProjectConfigurationPlatforms) = postSolution
		{25A2C4BE-EC15-4A66-BECA-9E6E8EEDE43B}.Debug|Any CPU.ActiveCfg = Debug|Any CPU
		{25A2C4BE-EC15-4A66-BECA-9E6E8EEDE43B}.Debug|Any CPU.Build.0 = Debug|Any CPU
		{25A2C4BE-EC15-4A66-BECA-9E6E8EEDE43B}.Release|Any CPU.ActiveCfg = Release|Any CPU
		{25A2C4BE-EC15-4A66-BECA-9E6E8EEDE43B}.Release|Any CPU.Build.0 = Release|Any CPU
		{A1094831-FE97-44FE-A2DC-F9D997EA35D4}.Debug|Any CPU.ActiveCfg = Debug|Any CPU
		{A1094831-FE97-44FE-A2DC-F9D997EA35D4}.Debug|Any CPU.Build.0 = Debug|Any CPU
		{A1094831-FE97-44FE-A2DC-F9D997EA35D4}.Release|Any CPU.ActiveCfg = Release|Any CPU
		{A1094831-FE97-44FE-A2DC-F9D997EA35D4}.Release|Any CPU.Build.0 = Release|Any CPU
		{0BC8EA45-3C22-448C-8B76-C6D383D2805F}.Debug|Any CPU.ActiveCfg = Debug|Any CPU
		{0BC8EA45-3C22-448C-8B76-C6D383D2805F}.Debug|Any CPU.Build.0 = Debug|Any CPU
		{0BC8EA45-3C22-448C-8B76-C6D383D2805F}.Release|Any CPU.ActiveCfg = Release|Any CPU
		{0BC8EA45-3C22-448C-8B76-C6D383D2805F}.Release|Any CPU.Build.0 = Release|Any CPU
		{3F1EC705-5A1F-4C32-82AE-7B1FF0925B38}.Debug|Any CPU.ActiveCfg = Debug|Any CPU
		{3F1EC705-5A1F-4C32-82AE-7B1FF0925B38}.Debug|Any CPU.Build.0 = Debug|Any CPU
		{3F1EC705-5A1F-4C32-82AE-7B1FF0925B38}.Release|Any CPU.ActiveCfg = Release|Any CPU
		{3F1EC705-5A1F-4C32-82AE-7B1FF0925B38}.Release|Any CPU.Build.0 = Release|Any CPU
		{AE8357EE-09F4-44C2-891B-C8292623F2FC}.Debug|Any CPU.ActiveCfg = Debug|Any CPU
		{AE8357EE-09F4-44C2-891B-C8292623F2FC}.Debug|Any CPU.Build.0 = Debug|Any CPU
		{AE8357EE-09F4-44C2-891B-C8292623F2FC}.Release|Any CPU.ActiveCfg = Release|Any CPU
		{AE8357EE-09F4-44C2-891B-C8292623F2FC}.Release|Any CPU.Build.0 = Release|Any CPU
		{89B30FF9-23A5-43C6-BACF-531E5D6930E6}.Debug|Any CPU.ActiveCfg = Debug|Any CPU
		{89B30FF9-23A5-43C6-BACF-531E5D6930E6}.Debug|Any CPU.Build.0 = Debug|Any CPU
		{89B30FF9-23A5-43C6-BACF-531E5D6930E6}.Release|Any CPU.ActiveCfg = Release|Any CPU
		{89B30FF9-23A5-43C6-BACF-531E5D6930E6}.Release|Any CPU.Build.0 = Release|Any CPU
		{D3EE8D1F-DF8F-401B-B7F7-88F557E26FEE}.Debug|Any CPU.ActiveCfg = Debug|Any CPU
		{D3EE8D1F-DF8F-401B-B7F7-88F557E26FEE}.Debug|Any CPU.Build.0 = Debug|Any CPU
		{D3EE8D1F-DF8F-401B-B7F7-88F557E26FEE}.Release|Any CPU.ActiveCfg = Release|Any CPU
		{D3EE8D1F-DF8F-401B-B7F7-88F557E26FEE}.Release|Any CPU.Build.0 = Release|Any CPU
		{0E08722F-5916-4BB4-9500-CD53C7F43F4D}.Debug|Any CPU.ActiveCfg = Debug|Any CPU
		{0E08722F-5916-4BB4-9500-CD53C7F43F4D}.Debug|Any CPU.Build.0 = Debug|Any CPU
		{0E08722F-5916-4BB4-9500-CD53C7F43F4D}.Release|Any CPU.ActiveCfg = Release|Any CPU
		{0E08722F-5916-4BB4-9500-CD53C7F43F4D}.Release|Any CPU.Build.0 = Release|Any CPU
		{6E2342B9-9C23-4577-A723-A5A333ACC67B}.Debug|Any CPU.ActiveCfg = Debug|Any CPU
		{6E2342B9-9C23-4577-A723-A5A333ACC67B}.Debug|Any CPU.Build.0 = Debug|Any CPU
		{6E2342B9-9C23-4577-A723-A5A333ACC67B}.Release|Any CPU.ActiveCfg = Release|Any CPU
		{6E2342B9-9C23-4577-A723-A5A333ACC67B}.Release|Any CPU.Build.0 = Release|Any CPU
		{990831AE-9B4D-46C3-9D7B-FF957C04508B}.Debug|Any CPU.ActiveCfg = Debug|Any CPU
		{990831AE-9B4D-46C3-9D7B-FF957C04508B}.Debug|Any CPU.Build.0 = Debug|Any CPU
		{990831AE-9B4D-46C3-9D7B-FF957C04508B}.Release|Any CPU.ActiveCfg = Release|Any CPU
		{990831AE-9B4D-46C3-9D7B-FF957C04508B}.Release|Any CPU.Build.0 = Release|Any CPU
		{D60EBC78-1349-4F84-88F7-25B2ECA5BE91}.Debug|Any CPU.ActiveCfg = Debug|Any CPU
		{D60EBC78-1349-4F84-88F7-25B2ECA5BE91}.Debug|Any CPU.Build.0 = Debug|Any CPU
		{D60EBC78-1349-4F84-88F7-25B2ECA5BE91}.Release|Any CPU.ActiveCfg = Release|Any CPU
		{D60EBC78-1349-4F84-88F7-25B2ECA5BE91}.Release|Any CPU.Build.0 = Release|Any CPU
		{FC47D744-7362-4775-806F-4AC4E32E7BAA}.Debug|Any CPU.ActiveCfg = Debug|Any CPU
		{FC47D744-7362-4775-806F-4AC4E32E7BAA}.Debug|Any CPU.Build.0 = Debug|Any CPU
		{FC47D744-7362-4775-806F-4AC4E32E7BAA}.Release|Any CPU.ActiveCfg = Release|Any CPU
		{FC47D744-7362-4775-806F-4AC4E32E7BAA}.Release|Any CPU.Build.0 = Release|Any CPU
		{0DA2DDEE-9BC4-4E9E-A9B3-14CC66D0DFE4}.Debug|Any CPU.ActiveCfg = Debug|Any CPU
		{0DA2DDEE-9BC4-4E9E-A9B3-14CC66D0DFE4}.Debug|Any CPU.Build.0 = Debug|Any CPU
		{0DA2DDEE-9BC4-4E9E-A9B3-14CC66D0DFE4}.Release|Any CPU.ActiveCfg = Release|Any CPU
		{0DA2DDEE-9BC4-4E9E-A9B3-14CC66D0DFE4}.Release|Any CPU.Build.0 = Release|Any CPU
		{8DCF7DCA-6183-478B-A94E-71D98C1F87F2}.Debug|Any CPU.ActiveCfg = Debug|Any CPU
		{8DCF7DCA-6183-478B-A94E-71D98C1F87F2}.Debug|Any CPU.Build.0 = Debug|Any CPU
		{8DCF7DCA-6183-478B-A94E-71D98C1F87F2}.Release|Any CPU.ActiveCfg = Release|Any CPU
		{8DCF7DCA-6183-478B-A94E-71D98C1F87F2}.Release|Any CPU.Build.0 = Release|Any CPU
		{2C24EA20-A189-425C-BA21-FF40FC4D3DCE}.Debug|Any CPU.ActiveCfg = Debug|Any CPU
		{2C24EA20-A189-425C-BA21-FF40FC4D3DCE}.Debug|Any CPU.Build.0 = Debug|Any CPU
		{2C24EA20-A189-425C-BA21-FF40FC4D3DCE}.Release|Any CPU.ActiveCfg = Release|Any CPU
		{2C24EA20-A189-425C-BA21-FF40FC4D3DCE}.Release|Any CPU.Build.0 = Release|Any CPU
		{AF976B59-E75D-4584-9BF9-894E05E92D62}.Debug|Any CPU.ActiveCfg = Debug|Any CPU
		{AF976B59-E75D-4584-9BF9-894E05E92D62}.Debug|Any CPU.Build.0 = Debug|Any CPU
		{AF976B59-E75D-4584-9BF9-894E05E92D62}.Release|Any CPU.ActiveCfg = Release|Any CPU
		{AF976B59-E75D-4584-9BF9-894E05E92D62}.Release|Any CPU.Build.0 = Release|Any CPU
		{EADE7714-3385-4F24-BC17-3E3601DFA4D7}.Debug|Any CPU.ActiveCfg = Debug|Any CPU
		{EADE7714-3385-4F24-BC17-3E3601DFA4D7}.Debug|Any CPU.Build.0 = Debug|Any CPU
		{EADE7714-3385-4F24-BC17-3E3601DFA4D7}.Release|Any CPU.ActiveCfg = Release|Any CPU
		{EADE7714-3385-4F24-BC17-3E3601DFA4D7}.Release|Any CPU.Build.0 = Release|Any CPU
		{52AB77DB-1369-49EA-97DE-8D586832A388}.Debug|Any CPU.ActiveCfg = Debug|Any CPU
		{52AB77DB-1369-49EA-97DE-8D586832A388}.Debug|Any CPU.Build.0 = Debug|Any CPU
		{52AB77DB-1369-49EA-97DE-8D586832A388}.Release|Any CPU.ActiveCfg = Release|Any CPU
		{52AB77DB-1369-49EA-97DE-8D586832A388}.Release|Any CPU.Build.0 = Release|Any CPU
		{B29522BC-4A98-4F26-AA63-668DEFCFFEB8}.Debug|Any CPU.ActiveCfg = Debug|Any CPU
		{B29522BC-4A98-4F26-AA63-668DEFCFFEB8}.Debug|Any CPU.Build.0 = Debug|Any CPU
		{B29522BC-4A98-4F26-AA63-668DEFCFFEB8}.Release|Any CPU.ActiveCfg = Release|Any CPU
		{B29522BC-4A98-4F26-AA63-668DEFCFFEB8}.Release|Any CPU.Build.0 = Release|Any CPU
		{4B7D17E4-E9BD-477C-B399-FFCF8C3D1E81}.Debug|Any CPU.ActiveCfg = Debug|Any CPU
		{4B7D17E4-E9BD-477C-B399-FFCF8C3D1E81}.Debug|Any CPU.Build.0 = Debug|Any CPU
		{4B7D17E4-E9BD-477C-B399-FFCF8C3D1E81}.Release|Any CPU.ActiveCfg = Release|Any CPU
		{4B7D17E4-E9BD-477C-B399-FFCF8C3D1E81}.Release|Any CPU.Build.0 = Release|Any CPU
	EndGlobalSection
	GlobalSection(SolutionProperties) = preSolution
		HideSolutionNode = FALSE
	EndGlobalSection
	GlobalSection(NestedProjects) = preSolution
		{D3EE8D1F-DF8F-401B-B7F7-88F557E26FEE} = {9F9F8BDE-7A9F-448D-8E64-D675DF6FA2EF}
		{0E08722F-5916-4BB4-9500-CD53C7F43F4D} = {9F9F8BDE-7A9F-448D-8E64-D675DF6FA2EF}
		{B29522BC-4A98-4F26-AA63-668DEFCFFEB8} = {02EA681E-C7D8-13C7-8484-4AC65E1B71E8}
		{4B7D17E4-E9BD-477C-B399-FFCF8C3D1E81} = {02EA681E-C7D8-13C7-8484-4AC65E1B71E8}
	EndGlobalSection
	GlobalSection(ExtensibilityGlobals) = postSolution
		SolutionGuid = {6FA8D600-C956-4E76-ABE5-CA6C1830D064}
	EndGlobalSection
EndGlobal
